// !$*UTF8*$!
{
	archiveVersion = 1;
	classes = {
	};
	objectVersion = 46;
	objects = {

/* Begin PBXBuildFile section */
		3BDEA0491B007C000034B0B1 /* do_Camera_ISM.h in CopyFiles */ = {isa = PBXBuildFile; fileRef = A4917C471A78940200FFB148 /* do_Camera_ISM.h */; };
		3BDEA04A1B007C000034B0B1 /* do_Camera_App.h in CopyFiles */ = {isa = PBXBuildFile; fileRef = CC16C3691AF8DB29006D71B0 /* do_Camera_App.h */; };
		3BDEA04B1B007C000034B0B1 /* do_Camera_SM.h in CopyFiles */ = {isa = PBXBuildFile; fileRef = A4917C491A78940200FFB148 /* do_Camera_SM.h */; };
		3BF807661B12BE6000B23930 /* doYZCropRectView.m in Sources */ = {isa = PBXBuildFile; fileRef = 3BF8075F1B12BE6000B23930 /* doYZCropRectView.m */; };
		3BF807671B12BE6000B23930 /* doYZCropView.m in Sources */ = {isa = PBXBuildFile; fileRef = 3BF807611B12BE6000B23930 /* doYZCropView.m */; };
		3BF807681B12BE6000B23930 /* doYZCropViewController.m in Sources */ = {isa = PBXBuildFile; fileRef = 3BF807631B12BE6000B23930 /* doYZCropViewController.m */; };
		3BF807691B12BE6000B23930 /* doYZResizeControl.m in Sources */ = {isa = PBXBuildFile; fileRef = 3BF807651B12BE6000B23930 /* doYZResizeControl.m */; };
		A4917C4B1A78940200FFB148 /* do_Camera_SM.m in Sources */ = {isa = PBXBuildFile; fileRef = A4917C4A1A78940200FFB148 /* do_Camera_SM.m */; };
		CC16C36B1AF8DB29006D71B0 /* do_Camera_App.m in Sources */ = {isa = PBXBuildFile; fileRef = CC16C36A1AF8DB29006D71B0 /* do_Camera_App.m */; };
/* End PBXBuildFile section */

/* Begin PBXCopyFilesBuildPhase section */
		A4E1EABB1A778F1700F0B3CE /* CopyFiles */ = {
			isa = PBXCopyFilesBuildPhase;
			buildActionMask = 2147483647;
			dstPath = "include/$(PRODUCT_NAME)";
			dstSubfolderSpec = 16;
			files = (
				3BDEA0491B007C000034B0B1 /* do_Camera_ISM.h in CopyFiles */,
				3BDEA04A1B007C000034B0B1 /* do_Camera_App.h in CopyFiles */,
				3BDEA04B1B007C000034B0B1 /* do_Camera_SM.h in CopyFiles */,
			);
			runOnlyForDeploymentPostprocessing = 0;
		};
/* End PBXCopyFilesBuildPhase section */

/* Begin PBXFileReference section */
		3BF8075E1B12BE6000B23930 /* doYZCropRectView.h */ = {isa = PBXFileReference; fileEncoding = 4; lastKnownFileType = sourcecode.c.h; path = doYZCropRectView.h; sourceTree = "<group>"; };
		3BF8075F1B12BE6000B23930 /* doYZCropRectView.m */ = {isa = PBXFileReference; fileEncoding = 4; lastKnownFileType = sourcecode.c.objc; path = doYZCropRectView.m; sourceTree = "<group>"; };
		3BF807601B12BE6000B23930 /* doYZCropView.h */ = {isa = PBXFileReference; fileEncoding = 4; lastKnownFileType = sourcecode.c.h; path = doYZCropView.h; sourceTree = "<group>"; };
		3BF807611B12BE6000B23930 /* doYZCropView.m */ = {isa = PBXFileReference; fileEncoding = 4; lastKnownFileType = sourcecode.c.objc; path = doYZCropView.m; sourceTree = "<group>"; };
		3BF807621B12BE6000B23930 /* doYZCropViewController.h */ = {isa = PBXFileReference; fileEncoding = 4; lastKnownFileType = sourcecode.c.h; path = doYZCropViewController.h; sourceTree = "<group>"; };
		3BF807631B12BE6000B23930 /* doYZCropViewController.m */ = {isa = PBXFileReference; fileEncoding = 4; lastKnownFileType = sourcecode.c.objc; path = doYZCropViewController.m; sourceTree = "<group>"; };
		3BF807641B12BE6000B23930 /* doYZResizeControl.h */ = {isa = PBXFileReference; fileEncoding = 4; lastKnownFileType = sourcecode.c.h; path = doYZResizeControl.h; sourceTree = "<group>"; };
		3BF807651B12BE6000B23930 /* doYZResizeControl.m */ = {isa = PBXFileReference; fileEncoding = 4; lastKnownFileType = sourcecode.c.objc; path = doYZResizeControl.m; sourceTree = "<group>"; };
		77DB88A71B14318B00F5BE04 /* doAssetLaunchImage.h */ = {isa = PBXFileReference; fileEncoding = 4; lastKnownFileType = sourcecode.c.h; path = doAssetLaunchImage.h; sourceTree = "<group>"; };
		77DB88A81B14318B00F5BE04 /* doCallBackTask.h */ = {isa = PBXFileReference; fileEncoding = 4; lastKnownFileType = sourcecode.c.h; path = doCallBackTask.h; sourceTree = "<group>"; };
		77DB88A91B14318B00F5BE04 /* doDefines.h */ = {isa = PBXFileReference; fileEncoding = 4; lastKnownFileType = sourcecode.c.h; path = doDefines.h; sourceTree = "<group>"; };
		77DB88AA1B14318B00F5BE04 /* doEventCenter.h */ = {isa = PBXFileReference; fileEncoding = 4; lastKnownFileType = sourcecode.c.h; path = doEventCenter.h; sourceTree = "<group>"; };
		77DB88AB1B14318B00F5BE04 /* doEventCollection.h */ = {isa = PBXFileReference; fileEncoding = 4; lastKnownFileType = sourcecode.c.h; path = doEventCollection.h; sourceTree = "<group>"; };
		77DB88AC1B14318B00F5BE04 /* doFileCacheHelper.h */ = {isa = PBXFileReference; fileEncoding = 4; lastKnownFileType = sourcecode.c.h; path = doFileCacheHelper.h; sourceTree = "<group>"; };
		77DB88AD1B14318B00F5BE04 /* doIAnimation.h */ = {isa = PBXFileReference; fileEncoding = 4; lastKnownFileType = sourcecode.c.h; path = doIAnimation.h; sourceTree = "<group>"; };
		77DB88AE1B14318B00F5BE04 /* doIApp.h */ = {isa = PBXFileReference; fileEncoding = 4; lastKnownFileType = sourcecode.c.h; path = doIApp.h; sourceTree = "<group>"; };
		77DB88AF1B14318B00F5BE04 /* doIAppDelegate.h */ = {isa = PBXFileReference; fileEncoding = 4; lastKnownFileType = sourcecode.c.h; path = doIAppDelegate.h; sourceTree = "<group>"; };
		77DB88B01B14318B00F5BE04 /* doIAutoLayout.h */ = {isa = PBXFileReference; fileEncoding = 4; lastKnownFileType = sourcecode.c.h; path = doIAutoLayout.h; sourceTree = "<group>"; };
		77DB88B11B14318B00F5BE04 /* doIConfig.h */ = {isa = PBXFileReference; fileEncoding = 4; lastKnownFileType = sourcecode.c.h; path = doIConfig.h; sourceTree = "<group>"; };
		77DB88B21B14318B00F5BE04 /* doIDataFS.h */ = {isa = PBXFileReference; fileEncoding = 4; lastKnownFileType = sourcecode.c.h; path = doIDataFS.h; sourceTree = "<group>"; };
		77DB88B31B14318B00F5BE04 /* doIDataSource.h */ = {isa = PBXFileReference; fileEncoding = 4; lastKnownFileType = sourcecode.c.h; path = doIDataSource.h; sourceTree = "<group>"; };
		77DB88B41B14318B00F5BE04 /* doIGlobal.h */ = {isa = PBXFileReference; fileEncoding = 4; lastKnownFileType = sourcecode.c.h; path = doIGlobal.h; sourceTree = "<group>"; };
		77DB88B51B14318B00F5BE04 /* doIHashData.h */ = {isa = PBXFileReference; fileEncoding = 4; lastKnownFileType = sourcecode.c.h; path = doIHashData.h; sourceTree = "<group>"; };
		77DB88B61B14318B00F5BE04 /* doIHtmlJavaScript.h */ = {isa = PBXFileReference; fileEncoding = 4; lastKnownFileType = sourcecode.c.h; path = doIHtmlJavaScript.h; sourceTree = "<group>"; };
		77DB88B71B14318B00F5BE04 /* doII18NEngine.h */ = {isa = PBXFileReference; fileEncoding = 4; lastKnownFileType = sourcecode.c.h; path = doII18NEngine.h; sourceTree = "<group>"; };
		77DB88B81B14318B00F5BE04 /* doIListData.h */ = {isa = PBXFileReference; fileEncoding = 4; lastKnownFileType = sourcecode.c.h; path = doIListData.h; sourceTree = "<group>"; };
		77DB88B91B14318B00F5BE04 /* doILogEngine.h */ = {isa = PBXFileReference; fileEncoding = 4; lastKnownFileType = sourcecode.c.h; path = doILogEngine.h; sourceTree = "<group>"; };
		77DB88BA1B14318B00F5BE04 /* doIModuleExtManage.h */ = {isa = PBXFileReference; fileEncoding = 4; lastKnownFileType = sourcecode.c.h; path = doIModuleExtManage.h; sourceTree = "<group>"; };
		77DB88BB1B14318B00F5BE04 /* doIMultitonModuleFactory.h */ = {isa = PBXFileReference; fileEncoding = 4; lastKnownFileType = sourcecode.c.h; path = doIMultitonModuleFactory.h; sourceTree = "<group>"; };
		77DB88BC1B14318B00F5BE04 /* doIMultitonModuleGroup.h */ = {isa = PBXFileReference; fileEncoding = 4; lastKnownFileType = sourcecode.c.h; path = doIMultitonModuleGroup.h; sourceTree = "<group>"; };
		77DB88BD1B14318B00F5BE04 /* doInvokeResult.h */ = {isa = PBXFileReference; fileEncoding = 4; lastKnownFileType = sourcecode.c.h; path = doInvokeResult.h; sourceTree = "<group>"; };
		77DB88BE1B14318B00F5BE04 /* doIOHelper.h */ = {isa = PBXFileReference; fileEncoding = 4; lastKnownFileType = sourcecode.c.h; path = doIOHelper.h; sourceTree = "<group>"; };
		77DB88BF1B14318B00F5BE04 /* doIPage.h */ = {isa = PBXFileReference; fileEncoding = 4; lastKnownFileType = sourcecode.c.h; path = doIPage.h; sourceTree = "<group>"; };
		77DB88C01B14318B00F5BE04 /* doIPageFactory.h */ = {isa = PBXFileReference; fileEncoding = 4; lastKnownFileType = sourcecode.c.h; path = doIPageFactory.h; sourceTree = "<group>"; };
		77DB88C11B14318B00F5BE04 /* doIPageView.h */ = {isa = PBXFileReference; fileEncoding = 4; lastKnownFileType = sourcecode.c.h; path = doIPageView.h; sourceTree = "<group>"; };
		77DB88C21B14318B00F5BE04 /* doIPageViewFactory.h */ = {isa = PBXFileReference; fileEncoding = 4; lastKnownFileType = sourcecode.c.h; path = doIPageViewFactory.h; sourceTree = "<group>"; };
		77DB88C31B14318B00F5BE04 /* doIScriptEngine.h */ = {isa = PBXFileReference; fileEncoding = 4; lastKnownFileType = sourcecode.c.h; path = doIScriptEngine.h; sourceTree = "<group>"; };
		77DB88C41B14318B00F5BE04 /* doIScriptEngineFactory.h */ = {isa = PBXFileReference; fileEncoding = 4; lastKnownFileType = sourcecode.c.h; path = doIScriptEngineFactory.h; sourceTree = "<group>"; };
		77DB88C51B14318B00F5BE04 /* doIScriptEngineGroup.h */ = {isa = PBXFileReference; fileEncoding = 4; lastKnownFileType = sourcecode.c.h; path = doIScriptEngineGroup.h; sourceTree = "<group>"; };
		77DB88C61B14318B00F5BE04 /* doISingletonModuleFactory.h */ = {isa = PBXFileReference; fileEncoding = 4; lastKnownFileType = sourcecode.c.h; path = doISingletonModuleFactory.h; sourceTree = "<group>"; };
		77DB88C71B14318B00F5BE04 /* doISingletonModuleGroup.h */ = {isa = PBXFileReference; fileEncoding = 4; lastKnownFileType = sourcecode.c.h; path = doISingletonModuleGroup.h; sourceTree = "<group>"; };
		77DB88C81B14318B00F5BE04 /* doISourceFS.h */ = {isa = PBXFileReference; fileEncoding = 4; lastKnownFileType = sourcecode.c.h; path = doISourceFS.h; sourceTree = "<group>"; };
		77DB88C91B14318B00F5BE04 /* doIUIModuleFactory.h */ = {isa = PBXFileReference; fileEncoding = 4; lastKnownFileType = sourcecode.c.h; path = doIUIModuleFactory.h; sourceTree = "<group>"; };
		77DB88CA1B14318B00F5BE04 /* doIUIModuleGroup.h */ = {isa = PBXFileReference; fileEncoding = 4; lastKnownFileType = sourcecode.c.h; path = doIUIModuleGroup.h; sourceTree = "<group>"; };
		77DB88CB1B14318B00F5BE04 /* doIUIModuleView.h */ = {isa = PBXFileReference; fileEncoding = 4; lastKnownFileType = sourcecode.c.h; path = doIUIModuleView.h; sourceTree = "<group>"; };
		77DB88CC1B14318B00F5BE04 /* doJsonHelper.h */ = {isa = PBXFileReference; fileEncoding = 4; lastKnownFileType = sourcecode.c.h; path = doJsonHelper.h; sourceTree = "<group>"; };
		77DB88CD1B14318B00F5BE04 /* doModule.h */ = {isa = PBXFileReference; fileEncoding = 4; lastKnownFileType = sourcecode.c.h; path = doModule.h; sourceTree = "<group>"; };
		77DB88CE1B14318B00F5BE04 /* doModuleBase.h */ = {isa = PBXFileReference; fileEncoding = 4; lastKnownFileType = sourcecode.c.h; path = doModuleBase.h; sourceTree = "<group>"; };
		77DB88CF1B14318B00F5BE04 /* doMultitonModule.h */ = {isa = PBXFileReference; fileEncoding = 4; lastKnownFileType = sourcecode.c.h; path = doMultitonModule.h; sourceTree = "<group>"; };
		77DB88D01B14318B00F5BE04 /* doProperty.h */ = {isa = PBXFileReference; fileEncoding = 4; lastKnownFileType = sourcecode.c.h; path = doProperty.h; sourceTree = "<group>"; };
		77DB88D11B14318B00F5BE04 /* doScriptEngineHelper.h */ = {isa = PBXFileReference; fileEncoding = 4; lastKnownFileType = sourcecode.c.h; path = doScriptEngineHelper.h; sourceTree = "<group>"; };
		77DB88D21B14318B00F5BE04 /* doServiceContainer.h */ = {isa = PBXFileReference; fileEncoding = 4; lastKnownFileType = sourcecode.c.h; path = doServiceContainer.h; sourceTree = "<group>"; };
		77DB88D31B14318B00F5BE04 /* doSingletonModule.h */ = {isa = PBXFileReference; fileEncoding = 4; lastKnownFileType = sourcecode.c.h; path = doSingletonModule.h; sourceTree = "<group>"; };
		77DB88D41B14318B00F5BE04 /* doSingletonModuleHelper.h */ = {isa = PBXFileReference; fileEncoding = 4; lastKnownFileType = sourcecode.c.h; path = doSingletonModuleHelper.h; sourceTree = "<group>"; };
		77DB88D51B14318B00F5BE04 /* doSourceFile.h */ = {isa = PBXFileReference; fileEncoding = 4; lastKnownFileType = sourcecode.c.h; path = doSourceFile.h; sourceTree = "<group>"; };
		77DB88D61B14318B00F5BE04 /* doStack.h */ = {isa = PBXFileReference; fileEncoding = 4; lastKnownFileType = sourcecode.c.h; path = doStack.h; sourceTree = "<group>"; };
		77DB88D71B14318B00F5BE04 /* doTextHelper.h */ = {isa = PBXFileReference; fileEncoding = 4; lastKnownFileType = sourcecode.c.h; path = doTextHelper.h; sourceTree = "<group>"; };
		77DB88D81B14318B00F5BE04 /* doUIContainer.h */ = {isa = PBXFileReference; fileEncoding = 4; lastKnownFileType = sourcecode.c.h; path = doUIContainer.h; sourceTree = "<group>"; };
		77DB88D91B14318B00F5BE04 /* doUIModule.h */ = {isa = PBXFileReference; fileEncoding = 4; lastKnownFileType = sourcecode.c.h; path = doUIModule.h; sourceTree = "<group>"; };
		77DB88DA1B14318B00F5BE04 /* doUIModuleCollection.h */ = {isa = PBXFileReference; fileEncoding = 4; lastKnownFileType = sourcecode.c.h; path = doUIModuleCollection.h; sourceTree = "<group>"; };
		77DB88DB1B14318B00F5BE04 /* doUIModuleHelper.h */ = {isa = PBXFileReference; fileEncoding = 4; lastKnownFileType = sourcecode.c.h; path = doUIModuleHelper.h; sourceTree = "<group>"; };
		77DB88DC1B14318B00F5BE04 /* NSData+DoBase64.h */ = {isa = PBXFileReference; fileEncoding = 4; lastKnownFileType = sourcecode.c.h; path = "NSData+DoBase64.h"; sourceTree = "<group>"; };
		A4917C471A78940200FFB148 /* do_Camera_ISM.h */ = {isa = PBXFileReference; fileEncoding = 4; lastKnownFileType = sourcecode.c.h; path = do_Camera_ISM.h; sourceTree = "<group>"; };
		A4917C491A78940200FFB148 /* do_Camera_SM.h */ = {isa = PBXFileReference; fileEncoding = 4; lastKnownFileType = sourcecode.c.h; path = do_Camera_SM.h; sourceTree = "<group>"; };
		A4917C4A1A78940200FFB148 /* do_Camera_SM.m */ = {isa = PBXFileReference; fileEncoding = 4; lastKnownFileType = sourcecode.c.objc; path = do_Camera_SM.m; sourceTree = "<group>"; };
		A4E1EABD1A778F1700F0B3CE /* libdoCamera_SM.a */ = {isa = PBXFileReference; explicitFileType = archive.ar; includeInIndex = 0; path = libdoCamera_SM.a; sourceTree = BUILT_PRODUCTS_DIR; };
		A4E1EADC1A778F8200F0B3CE /* do_Camera_SM.bundle */ = {isa = PBXFileReference; lastKnownFileType = "wrapper.plug-in"; path = do_Camera_SM.bundle; sourceTree = "<group>"; };
		CC16C3691AF8DB29006D71B0 /* do_Camera_App.h */ = {isa = PBXFileReference; fileEncoding = 4; lastKnownFileType = sourcecode.c.h; path = do_Camera_App.h; sourceTree = "<group>"; };
		CC16C36A1AF8DB29006D71B0 /* do_Camera_App.m */ = {isa = PBXFileReference; fileEncoding = 4; lastKnownFileType = sourcecode.c.objc; path = do_Camera_App.m; sourceTree = "<group>"; };
/* End PBXFileReference section */

/* Begin PBXFrameworksBuildPhase section */
		A4E1EABA1A778F1700F0B3CE /* Frameworks */ = {
			isa = PBXFrameworksBuildPhase;
			buildActionMask = 2147483647;
			files = (
			);
			runOnlyForDeploymentPostprocessing = 0;
		};
/* End PBXFrameworksBuildPhase section */

/* Begin PBXGroup section */
		3BF8075D1B12BE3500B23930 /* Classes */ = {
			isa = PBXGroup;
			children = (
				3BF8075E1B12BE6000B23930 /* doYZCropRectView.h */,
				3BF8075F1B12BE6000B23930 /* doYZCropRectView.m */,
				3BF807601B12BE6000B23930 /* doYZCropView.h */,
				3BF807611B12BE6000B23930 /* doYZCropView.m */,
				3BF807621B12BE6000B23930 /* doYZCropViewController.h */,
				3BF807631B12BE6000B23930 /* doYZCropViewController.m */,
				3BF807641B12BE6000B23930 /* doYZResizeControl.h */,
				3BF807651B12BE6000B23930 /* doYZResizeControl.m */,
			);
			path = Classes;
			sourceTree = "<group>";
		};
		77DB88A61B14318B00F5BE04 /* Header */ = {
			isa = PBXGroup;
			children = (
				77DB88A71B14318B00F5BE04 /* doAssetLaunchImage.h */,
				77DB88A81B14318B00F5BE04 /* doCallBackTask.h */,
				77DB88A91B14318B00F5BE04 /* doDefines.h */,
				77DB88AA1B14318B00F5BE04 /* doEventCenter.h */,
				77DB88AB1B14318B00F5BE04 /* doEventCollection.h */,
				77DB88AC1B14318B00F5BE04 /* doFileCacheHelper.h */,
				77DB88AD1B14318B00F5BE04 /* doIAnimation.h */,
				77DB88AE1B14318B00F5BE04 /* doIApp.h */,
				77DB88AF1B14318B00F5BE04 /* doIAppDelegate.h */,
				77DB88B01B14318B00F5BE04 /* doIAutoLayout.h */,
				77DB88B11B14318B00F5BE04 /* doIConfig.h */,
				77DB88B21B14318B00F5BE04 /* doIDataFS.h */,
				77DB88B31B14318B00F5BE04 /* doIDataSource.h */,
				77DB88B41B14318B00F5BE04 /* doIGlobal.h */,
				77DB88B51B14318B00F5BE04 /* doIHashData.h */,
				77DB88B61B14318B00F5BE04 /* doIHtmlJavaScript.h */,
				77DB88B71B14318B00F5BE04 /* doII18NEngine.h */,
				77DB88B81B14318B00F5BE04 /* doIListData.h */,
				77DB88B91B14318B00F5BE04 /* doILogEngine.h */,
				77DB88BA1B14318B00F5BE04 /* doIModuleExtManage.h */,
				77DB88BB1B14318B00F5BE04 /* doIMultitonModuleFactory.h */,
				77DB88BC1B14318B00F5BE04 /* doIMultitonModuleGroup.h */,
				77DB88BD1B14318B00F5BE04 /* doInvokeResult.h */,
				77DB88BE1B14318B00F5BE04 /* doIOHelper.h */,
				77DB88BF1B14318B00F5BE04 /* doIPage.h */,
				77DB88C01B14318B00F5BE04 /* doIPageFactory.h */,
				77DB88C11B14318B00F5BE04 /* doIPageView.h */,
				77DB88C21B14318B00F5BE04 /* doIPageViewFactory.h */,
				77DB88C31B14318B00F5BE04 /* doIScriptEngine.h */,
				77DB88C41B14318B00F5BE04 /* doIScriptEngineFactory.h */,
				77DB88C51B14318B00F5BE04 /* doIScriptEngineGroup.h */,
				77DB88C61B14318B00F5BE04 /* doISingletonModuleFactory.h */,
				77DB88C71B14318B00F5BE04 /* doISingletonModuleGroup.h */,
				77DB88C81B14318B00F5BE04 /* doISourceFS.h */,
				77DB88C91B14318B00F5BE04 /* doIUIModuleFactory.h */,
				77DB88CA1B14318B00F5BE04 /* doIUIModuleGroup.h */,
				77DB88CB1B14318B00F5BE04 /* doIUIModuleView.h */,
				77DB88CC1B14318B00F5BE04 /* doJsonHelper.h */,
				77DB88CD1B14318B00F5BE04 /* doModule.h */,
				77DB88CE1B14318B00F5BE04 /* doModuleBase.h */,
				77DB88CF1B14318B00F5BE04 /* doMultitonModule.h */,
				77DB88D01B14318B00F5BE04 /* doProperty.h */,
				77DB88D11B14318B00F5BE04 /* doScriptEngineHelper.h */,
				77DB88D21B14318B00F5BE04 /* doServiceContainer.h */,
				77DB88D31B14318B00F5BE04 /* doSingletonModule.h */,
				77DB88D41B14318B00F5BE04 /* doSingletonModuleHelper.h */,
				77DB88D51B14318B00F5BE04 /* doSourceFile.h */,
				77DB88D61B14318B00F5BE04 /* doStack.h */,
				77DB88D71B14318B00F5BE04 /* doTextHelper.h */,
				77DB88D81B14318B00F5BE04 /* doUIContainer.h */,
				77DB88D91B14318B00F5BE04 /* doUIModule.h */,
				77DB88DA1B14318B00F5BE04 /* doUIModuleCollection.h */,
				77DB88DB1B14318B00F5BE04 /* doUIModuleHelper.h */,
				77DB88DC1B14318B00F5BE04 /* NSData+DoBase64.h */,
			);
			name = Header;
			path = ../../framework/doLib/doCore/Header;
			sourceTree = "<group>";
		};
		A4917C461A78940200FFB148 /* ext_define */ = {
			isa = PBXGroup;
			children = (
				A4917C471A78940200FFB148 /* do_Camera_ISM.h */,
			);
			path = ext_define;
			sourceTree = "<group>";
		};
		A4917C481A78940200FFB148 /* ext_implement */ = {
			isa = PBXGroup;
			children = (
				CC16C3691AF8DB29006D71B0 /* do_Camera_App.h */,
				CC16C36A1AF8DB29006D71B0 /* do_Camera_App.m */,
				A4917C491A78940200FFB148 /* do_Camera_SM.h */,
				A4917C4A1A78940200FFB148 /* do_Camera_SM.m */,
			);
			path = ext_implement;
			sourceTree = "<group>";
		};
		A4E1EAB41A778F1700F0B3CE = {
			isa = PBXGroup;
			children = (
				77DB88A61B14318B00F5BE04 /* Header */,
				3BF8075D1B12BE3500B23930 /* Classes */,
				A4917C461A78940200FFB148 /* ext_define */,
				A4917C481A78940200FFB148 /* ext_implement */,
				A4E1EADC1A778F8200F0B3CE /* do_Camera_SM.bundle */,
				A4E1EABE1A778F1700F0B3CE /* Products */,
			);
			sourceTree = "<group>";
		};
		A4E1EABE1A778F1700F0B3CE /* Products */ = {
			isa = PBXGroup;
			children = (
				A4E1EABD1A778F1700F0B3CE /* libdoCamera_SM.a */,
			);
			name = Products;
			sourceTree = "<group>";
		};
/* End PBXGroup section */

/* Begin PBXNativeTarget section */
		A4E1EABC1A778F1700F0B3CE /* doCamera_SM */ = {
			isa = PBXNativeTarget;
			buildConfigurationList = A4E1EAD11A778F1700F0B3CE /* Build configuration list for PBXNativeTarget "doCamera_SM" */;
			buildPhases = (
				A4E1EAB91A778F1700F0B3CE /* Sources */,
				A4E1EABA1A778F1700F0B3CE /* Frameworks */,
				A4E1EABB1A778F1700F0B3CE /* CopyFiles */,
			);
			buildRules = (
			);
			dependencies = (
			);
			name = doCamera_SM;
			productName = DoExt_SM;
			productReference = A4E1EABD1A778F1700F0B3CE /* libdoCamera_SM.a */;
			productType = "com.apple.product-type.library.static";
		};
/* End PBXNativeTarget section */

/* Begin PBXProject section */
		A4E1EAB51A778F1700F0B3CE /* Project object */ = {
			isa = PBXProject;
			attributes = {
				LastUpgradeCheck = 0610;
				ORGANIZATIONNAME = DoExt;
				TargetAttributes = {
					A4E1EABC1A778F1700F0B3CE = {
						CreatedOnToolsVersion = 6.1;
					};
				};
			};
			buildConfigurationList = A4E1EAB81A778F1700F0B3CE /* Build configuration list for PBXProject "doCamera_SM" */;
			compatibilityVersion = "Xcode 3.2";
			developmentRegion = English;
			hasScannedForEncodings = 0;
			knownRegions = (
				en,
			);
			mainGroup = A4E1EAB41A778F1700F0B3CE;
			productRefGroup = A4E1EABE1A778F1700F0B3CE /* Products */;
			projectDirPath = "";
			projectRoot = "";
			targets = (
				A4E1EABC1A778F1700F0B3CE /* doCamera_SM */,
			);
		};
/* End PBXProject section */

/* Begin PBXSourcesBuildPhase section */
		A4E1EAB91A778F1700F0B3CE /* Sources */ = {
			isa = PBXSourcesBuildPhase;
			buildActionMask = 2147483647;
			files = (
				3BF807681B12BE6000B23930 /* doYZCropViewController.m in Sources */,
				A4917C4B1A78940200FFB148 /* do_Camera_SM.m in Sources */,
				CC16C36B1AF8DB29006D71B0 /* do_Camera_App.m in Sources */,
				3BF807671B12BE6000B23930 /* doYZCropView.m in Sources */,
				3BF807661B12BE6000B23930 /* doYZCropRectView.m in Sources */,
				3BF807691B12BE6000B23930 /* doYZResizeControl.m in Sources */,
			);
			runOnlyForDeploymentPostprocessing = 0;
		};
/* End PBXSourcesBuildPhase section */

/* Begin XCBuildConfiguration section */
		A4E1EACF1A778F1700F0B3CE /* Debug */ = {
			isa = XCBuildConfiguration;
			buildSettings = {
				ALWAYS_SEARCH_USER_PATHS = NO;
				CLANG_CXX_LANGUAGE_STANDARD = "gnu++0x";
				CLANG_CXX_LIBRARY = "libc++";
				CLANG_ENABLE_MODULES = YES;
				CLANG_ENABLE_OBJC_ARC = YES;
				CLANG_WARN_BOOL_CONVERSION = YES;
				CLANG_WARN_CONSTANT_CONVERSION = YES;
				CLANG_WARN_DIRECT_OBJC_ISA_USAGE = YES_ERROR;
				CLANG_WARN_EMPTY_BODY = YES;
				CLANG_WARN_ENUM_CONVERSION = YES;
				CLANG_WARN_INT_CONVERSION = YES;
				CLANG_WARN_OBJC_ROOT_CLASS = YES_ERROR;
				CLANG_WARN_UNREACHABLE_CODE = YES;
				CLANG_WARN__DUPLICATE_METHOD_MATCH = YES;
				COPY_PHASE_STRIP = NO;
				ENABLE_STRICT_OBJC_MSGSEND = YES;
				GCC_C_LANGUAGE_STANDARD = gnu99;
				GCC_DYNAMIC_NO_PIC = NO;
				GCC_OPTIMIZATION_LEVEL = 0;
				GCC_PREPROCESSOR_DEFINITIONS = (
					"DEBUG=1",
					"$(inherited)",
				);
				GCC_SYMBOLS_PRIVATE_EXTERN = NO;
				GCC_WARN_64_TO_32_BIT_CONVERSION = YES;
				GCC_WARN_ABOUT_RETURN_TYPE = YES_ERROR;
				GCC_WARN_UNDECLARED_SELECTOR = YES;
				GCC_WARN_UNINITIALIZED_AUTOS = YES_AGGRESSIVE;
				GCC_WARN_UNUSED_FUNCTION = YES;
				GCC_WARN_UNUSED_VARIABLE = YES;
				IPHONEOS_DEPLOYMENT_TARGET = 8.1;
				MTL_ENABLE_DEBUG_INFO = YES;
				ONLY_ACTIVE_ARCH = YES;
				SDKROOT = iphoneos;
				TARGETED_DEVICE_FAMILY = "1,2";
			};
			name = Debug;
		};
		A4E1EAD01A778F1700F0B3CE /* Release */ = {
			isa = XCBuildConfiguration;
			buildSettings = {
				ALWAYS_SEARCH_USER_PATHS = NO;
				CLANG_CXX_LANGUAGE_STANDARD = "gnu++0x";
				CLANG_CXX_LIBRARY = "libc++";
				CLANG_ENABLE_MODULES = YES;
				CLANG_ENABLE_OBJC_ARC = YES;
				CLANG_WARN_BOOL_CONVERSION = YES;
				CLANG_WARN_CONSTANT_CONVERSION = YES;
				CLANG_WARN_DIRECT_OBJC_ISA_USAGE = YES_ERROR;
				CLANG_WARN_EMPTY_BODY = YES;
				CLANG_WARN_ENUM_CONVERSION = YES;
				CLANG_WARN_INT_CONVERSION = YES;
				CLANG_WARN_OBJC_ROOT_CLASS = YES_ERROR;
				CLANG_WARN_UNREACHABLE_CODE = YES;
				CLANG_WARN__DUPLICATE_METHOD_MATCH = YES;
				COPY_PHASE_STRIP = YES;
				ENABLE_NS_ASSERTIONS = NO;
				ENABLE_STRICT_OBJC_MSGSEND = YES;
				GCC_C_LANGUAGE_STANDARD = gnu99;
				GCC_WARN_64_TO_32_BIT_CONVERSION = YES;
				GCC_WARN_ABOUT_RETURN_TYPE = YES_ERROR;
				GCC_WARN_UNDECLARED_SELECTOR = YES;
				GCC_WARN_UNINITIALIZED_AUTOS = YES_AGGRESSIVE;
				GCC_WARN_UNUSED_FUNCTION = YES;
				GCC_WARN_UNUSED_VARIABLE = YES;
				IPHONEOS_DEPLOYMENT_TARGET = 8.1;
				MTL_ENABLE_DEBUG_INFO = NO;
				SDKROOT = iphoneos;
				TARGETED_DEVICE_FAMILY = "1,2";
				VALIDATE_PRODUCT = YES;
			};
			name = Release;
		};
		A4E1EAD21A778F1700F0B3CE /* Debug */ = {
			isa = XCBuildConfiguration;
			buildSettings = {
				IPHONEOS_DEPLOYMENT_TARGET = 7.0;
				LIBRARY_SEARCH_PATHS = (
					../doLib/doCore,
					/Users/MingerW/Documents/framework/doLib/doCore,
				);
				ONLY_ACTIVE_ARCH = NO;
				OTHER_LDFLAGS = "-ObjC";
				PRODUCT_NAME = doCamera_SM;
				SKIP_INSTALL = YES;
				TARGETED_DEVICE_FAMILY = "1,2";
				USER_HEADER_SEARCH_PATHS = ../doLib/doCore/Header;
			};
			name = Debug;
		};
		A4E1EAD31A778F1700F0B3CE /* Release */ = {
			isa = XCBuildConfiguration;
			buildSettings = {
				IPHONEOS_DEPLOYMENT_TARGET = 7.0;
				LIBRARY_SEARCH_PATHS = (
					../doLib/doCore,
					/Users/MingerW/Documents/framework/doLib/doCore,
				);
				OTHER_LDFLAGS = "-ObjC";
				PRODUCT_NAME = doCamera_SM;
				SKIP_INSTALL = YES;
				TARGETED_DEVICE_FAMILY = "1,2";
				USER_HEADER_SEARCH_PATHS = ../doLib/doCore/Header;
			};
			name = Release;
		};
/* End XCBuildConfiguration section */

/* Begin XCConfigurationList section */
		A4E1EAB81A778F1700F0B3CE /* Build configuration list for PBXProject "doCamera_SM" */ = {
			isa = XCConfigurationList;
			buildConfigurations = (
				A4E1EACF1A778F1700F0B3CE /* Debug */,
				A4E1EAD01A778F1700F0B3CE /* Release */,
			);
			defaultConfigurationIsVisible = 0;
			defaultConfigurationName = Release;
		};
		A4E1EAD11A778F1700F0B3CE /* Build configuration list for PBXNativeTarget "doCamera_SM" */ = {
			isa = XCConfigurationList;
			buildConfigurations = (
				A4E1EAD21A778F1700F0B3CE /* Debug */,
				A4E1EAD31A778F1700F0B3CE /* Release */,
			);
			defaultConfigurationIsVisible = 0;
			defaultConfigurationName = Release;
		};
/* End XCConfigurationList section */
	};
	rootObject = A4E1EAB51A778F1700F0B3CE /* Project object */;
}
